PODS:
  - APIKit (3.1.2):
    - Result (~> 3.0)
  - Himotoki (3.1.0)
  - Result (3.2.4)
  - SwiftyJSON (3.1.4)

DEPENDENCIES:
  - APIKit (from `https://github.com/ishkawa/APIKit.git`, tag `3.1.2`)
  - Himotoki (from `https://github.com/ikesyo/Himotoki.git`, tag `3.1.0`)
  - SwiftyJSON (= 3.1.4)

EXTERNAL SOURCES:
  APIKit:
    :git: https://github.com/ishkawa/APIKit.git
    :tag: 3.1.2
  Himotoki:
    :git: https://github.com/ikesyo/Himotoki.git
    :tag: 3.1.0

CHECKOUT OPTIONS:
  APIKit:
    :git: https://github.com/ishkawa/APIKit.git
    :tag: 3.1.2
  Himotoki:
    :git: https://github.com/ikesyo/Himotoki.git
    :tag: 3.1.0

SPEC CHECKSUMS:
  APIKit: 923b510c13eb4d977d2d0ffcd51c88e9dfe7a74a
  Himotoki: 11fb949eecded6a56f468e62c423a4d7e0d5fad7
  Result: d2d07204ce72856f1fd9130bbe42c35a7b0fea10
  SwiftyJSON: c2842d878f95482ffceec5709abc3d05680c0220

PODFILE CHECKSUM: d6ad6a2c6a1e56b484fc9781ea78d2c43a5f2bcd

COCOAPODS: 1.4.0.beta.1
