// !$*UTF8*$!
{
	archiveVersion = 1;
	classes = {
	};
	objectVersion = 46;
	objects = {

/* Begin PBXBuildFile section */
		CE3CD6FD1F88A59000968984 /* AppDelegate.swift in Sources */ = {isa = PBXBuildFile; fileRef = CE3CD6FC1F88A59000968984 /* AppDelegate.swift */; };
		CE3CD6FF1F88A59000968984 /* ViewController.swift in Sources */ = {isa = PBXBuildFile; fileRef = CE3CD6FE1F88A59000968984 /* ViewController.swift */; };
		CE3CD7021F88A59000968984 /* Main.storyboard in Resources */ = {isa = PBXBuildFile; fileRef = CE3CD7001F88A59000968984 /* Main.storyboard */; };
		CE3CD7041F88A59000968984 /* Assets.xcassets in Resources */ = {isa = PBXBuildFile; fileRef = CE3CD7031F88A59000968984 /* Assets.xcassets */; };
		CE3CD7071F88A59000968984 /* LaunchScreen.storyboard in Resources */ = {isa = PBXBuildFile; fileRef = CE3CD7051F88A59000968984 /* LaunchScreen.storyboard */; };
		CE3CD7101F88A5FD00968984 /* Siren.swift in Sources */ = {isa = PBXBuildFile; fileRef = CE3CD70F1F88A5FD00968984 /* Siren.swift */; };
		CE3CD7121F88A62400968984 /* SirenDelegate.swift in Sources */ = {isa = PBXBuildFile; fileRef = CE3CD7111F88A62400968984 /* SirenDelegate.swift */; };
		CE3CD7141F88A67200968984 /* SirenBundleExtension.swift in Sources */ = {isa = PBXBuildFile; fileRef = CE3CD7131F88A67200968984 /* SirenBundleExtension.swift */; };
		CE3CD7161F88A69800968984 /* SirenDateExtension.swift in Sources */ = {isa = PBXBuildFile; fileRef = CE3CD7151F88A69800968984 /* SirenDateExtension.swift */; };
		CE3CD7181F88A6C800968984 /* SirenLog.swift in Sources */ = {isa = PBXBuildFile; fileRef = CE3CD7171F88A6C800968984 /* SirenLog.swift */; };
		CE3CD71A1F88A6DF00968984 /* SirenUIAlertControllerExtension.swift in Sources */ = {isa = PBXBuildFile; fileRef = CE3CD7191F88A6DF00968984 /* SirenUIAlertControllerExtension.swift */; };
		CE3CD71C1F88A73700968984 /* SirenViewController.swift in Sources */ = {isa = PBXBuildFile; fileRef = CE3CD71B1F88A73700968984 /* SirenViewController.swift */; };
		CE3CD71E1F88B6CB00968984 /* UIAlertControllerExtension.swift in Sources */ = {isa = PBXBuildFile; fileRef = CE3CD71D1F88B6CB00968984 /* UIAlertControllerExtension.swift */; };
		CE3CD7211F88B9F300968984 /* RequireVersionController.swift in Sources */ = {isa = PBXBuildFile; fileRef = CE3CD7201F88B9F300968984 /* RequireVersionController.swift */; };
/* End PBXBuildFile section */

/* Begin PBXFileReference section */
		CE3CD6F91F88A59000968984 /* ForceUpdateManual.app */ = {isa = PBXFileReference; explicitFileType = wrapper.application; includeInIndex = 0; path = ForceUpdateManual.app; sourceTree = BUILT_PRODUCTS_DIR; };
		CE3CD6FC1F88A59000968984 /* AppDelegate.swift */ = {isa = PBXFileReference; lastKnownFileType = sourcecode.swift; path = AppDelegate.swift; sourceTree = "<group>"; };
		CE3CD6FE1F88A59000968984 /* ViewController.swift */ = {isa = PBXFileReference; lastKnownFileType = sourcecode.swift; path = ViewController.swift; sourceTree = "<group>"; };
		CE3CD7011F88A59000968984 /* Base */ = {isa = PBXFileReference; lastKnownFileType = file.storyboard; name = Base; path = Base.lproj/Main.storyboard; sourceTree = "<group>"; };
		CE3CD7031F88A59000968984 /* Assets.xcassets */ = {isa = PBXFileReference; lastKnownFileType = folder.assetcatalog; path = Assets.xcassets; sourceTree = "<group>"; };
		CE3CD7061F88A59000968984 /* Base */ = {isa = PBXFileReference; lastKnownFileType = file.storyboard; name = Base; path = Base.lproj/LaunchScreen.storyboard; sourceTree = "<group>"; };
		CE3CD7081F88A59000968984 /* Info.plist */ = {isa = PBXFileReference; lastKnownFileType = text.plist.xml; path = Info.plist; sourceTree = "<group>"; };
		CE3CD70F1F88A5FD00968984 /* Siren.swift */ = {isa = PBXFileReference; fileEncoding = 4; lastKnownFileType = sourcecode.swift; path = Siren.swift; sourceTree = "<group>"; };
		CE3CD7111F88A62400968984 /* SirenDelegate.swift */ = {isa = PBXFileReference; fileEncoding = 4; lastKnownFileType = sourcecode.swift; path = SirenDelegate.swift; sourceTree = "<group>"; };
		CE3CD7131F88A67200968984 /* SirenBundleExtension.swift */ = {isa = PBXFileReference; fileEncoding = 4; lastKnownFileType = sourcecode.swift; path = SirenBundleExtension.swift; sourceTree = "<group>"; };
		CE3CD7151F88A69800968984 /* SirenDateExtension.swift */ = {isa = PBXFileReference; fileEncoding = 4; lastKnownFileType = sourcecode.swift; path = SirenDateExtension.swift; sourceTree = "<group>"; };
		CE3CD7171F88A6C800968984 /* SirenLog.swift */ = {isa = PBXFileReference; fileEncoding = 4; lastKnownFileType = sourcecode.swift; path = SirenLog.swift; sourceTree = "<group>"; };
		CE3CD7191F88A6DF00968984 /* SirenUIAlertControllerExtension.swift */ = {isa = PBXFileReference; fileEncoding = 4; lastKnownFileType = sourcecode.swift; path = SirenUIAlertControllerExtension.swift; sourceTree = "<group>"; };
		CE3CD71B1F88A73700968984 /* SirenViewController.swift */ = {isa = PBXFileReference; fileEncoding = 4; lastKnownFileType = sourcecode.swift; path = SirenViewController.swift; sourceTree = "<group>"; };
		CE3CD71D1F88B6CB00968984 /* UIAlertControllerExtension.swift */ = {isa = PBXFileReference; fileEncoding = 4; lastKnownFileType = sourcecode.swift; path = UIAlertControllerExtension.swift; sourceTree = "<group>"; };
		CE3CD7201F88B9F300968984 /* RequireVersionController.swift */ = {isa = PBXFileReference; fileEncoding = 4; lastKnownFileType = sourcecode.swift; path = RequireVersionController.swift; sourceTree = "<group>"; };
/* End PBXFileReference section */

/* Begin PBXFrameworksBuildPhase section */
		CE3CD6F61F88A59000968984 /* Frameworks */ = {
			isa = PBXFrameworksBuildPhase;
			buildActionMask = 2147483647;
			files = (
			);
			runOnlyForDeploymentPostprocessing = 0;
		};
/* End PBXFrameworksBuildPhase section */

/* Begin PBXGroup section */
		CE3CD6F01F88A59000968984 = {
			isa = PBXGroup;
			children = (
				CE3CD70E1F88A5EA00968984 /* Siren */,
				CE3CD6FB1F88A59000968984 /* ForceUpdateManual */,
				CE3CD6FA1F88A59000968984 /* Products */,
			);
			sourceTree = "<group>";
		};
		CE3CD6FA1F88A59000968984 /* Products */ = {
			isa = PBXGroup;
			children = (
				CE3CD6F91F88A59000968984 /* ForceUpdateManual.app */,
			);
			name = Products;
			sourceTree = "<group>";
		};
		CE3CD6FB1F88A59000968984 /* ForceUpdateManual */ = {
			isa = PBXGroup;
			children = (
				CE3CD71F1F88B9E800968984 /* RequireVersion */,
				CE3CD6FC1F88A59000968984 /* AppDelegate.swift */,
				CE3CD71D1F88B6CB00968984 /* UIAlertControllerExtension.swift */,
				CE3CD6FE1F88A59000968984 /* ViewController.swift */,
				CE3CD7001F88A59000968984 /* Main.storyboard */,
				CE3CD7031F88A59000968984 /* Assets.xcassets */,
				CE3CD7051F88A59000968984 /* LaunchScreen.storyboard */,
				CE3CD7081F88A59000968984 /* Info.plist */,
			);
			path = ForceUpdateManual;
			sourceTree = "<group>";
		};
		CE3CD70E1F88A5EA00968984 /* Siren */ = {
			isa = PBXGroup;
			children = (
				CE3CD70F1F88A5FD00968984 /* Siren.swift */,
				CE3CD7111F88A62400968984 /* SirenDelegate.swift */,
				CE3CD7131F88A67200968984 /* SirenBundleExtension.swift */,
				CE3CD7151F88A69800968984 /* SirenDateExtension.swift */,
				CE3CD7171F88A6C800968984 /* SirenLog.swift */,
				CE3CD7191F88A6DF00968984 /* SirenUIAlertControllerExtension.swift */,
				CE3CD71B1F88A73700968984 /* SirenViewController.swift */,
			);
			name = Siren;
			sourceTree = "<group>";
		};
		CE3CD71F1F88B9E800968984 /* RequireVersion */ = {
			isa = PBXGroup;
			children = (
				CE3CD7201F88B9F300968984 /* RequireVersionController.swift */,
			);
			name = RequireVersion;
			sourceTree = "<group>";
		};
/* End PBXGroup section */

/* Begin PBXNativeTarget section */
		CE3CD6F81F88A59000968984 /* ForceUpdateManual */ = {
			isa = PBXNativeTarget;
			buildConfigurationList = CE3CD70B1F88A59000968984 /* Build configuration list for PBXNativeTarget "ForceUpdateManual" */;
			buildPhases = (
				CE3CD6F51F88A59000968984 /* Sources */,
				CE3CD6F61F88A59000968984 /* Frameworks */,
				CE3CD6F71F88A59000968984 /* Resources */,
			);
			buildRules = (
			);
			dependencies = (
			);
			name = ForceUpdateManual;
			productName = ForceUpdateManual;
			productReference = CE3CD6F91F88A59000968984 /* ForceUpdateManual.app */;
			productType = "com.apple.product-type.application";
		};
/* End PBXNativeTarget section */

/* Begin PBXProject section */
		CE3CD6F11F88A59000968984 /* Project object */ = {
			isa = PBXProject;
			attributes = {
				LastSwiftUpdateCheck = 0830;
				LastUpgradeCheck = 0830;
				ORGANIZATIONNAME = USER;
				TargetAttributes = {
					CE3CD6F81F88A59000968984 = {
						CreatedOnToolsVersion = 8.3.3;
						DevelopmentTeam = M8N9858LE8;
						ProvisioningStyle = Automatic;
					};
				};
			};
			buildConfigurationList = CE3CD6F41F88A59000968984 /* Build configuration list for PBXProject "ForceUpdateManual" */;
			compatibilityVersion = "Xcode 3.2";
			developmentRegion = English;
			hasScannedForEncodings = 0;
			knownRegions = (
				en,
				Base,
			);
			mainGroup = CE3CD6F01F88A59000968984;
			productRefGroup = CE3CD6FA1F88A59000968984 /* Products */;
			projectDirPath = "";
			projectRoot = "";
			targets = (
				CE3CD6F81F88A59000968984 /* ForceUpdateManual */,
			);
		};
/* End PBXProject section */

/* Begin PBXResourcesBuildPhase section */
		CE3CD6F71F88A59000968984 /* Resources */ = {
			isa = PBXResourcesBuildPhase;
			buildActionMask = 2147483647;
			files = (
				CE3CD7071F88A59000968984 /* LaunchScreen.storyboard in Resources */,
				CE3CD7041F88A59000968984 /* Assets.xcassets in Resources */,
				CE3CD7021F88A59000968984 /* Main.storyboard in Resources */,
			);
			runOnlyForDeploymentPostprocessing = 0;
		};
/* End PBXResourcesBuildPhase section */

/* Begin PBXSourcesBuildPhase section */
		CE3CD6F51F88A59000968984 /* Sources */ = {
			isa = PBXSourcesBuildPhase;
			buildActionMask = 2147483647;
			files = (
				CE3CD71C1F88A73700968984 /* SirenViewController.swift in Sources */,
				CE3CD71A1F88A6DF00968984 /* SirenUIAlertControllerExtension.swift in Sources */,
				CE3CD7141F88A67200968984 /* SirenBundleExtension.swift in Sources */,
				CE3CD6FF1F88A59000968984 /* ViewController.swift in Sources */,
				CE3CD71E1F88B6CB00968984 /* UIAlertControllerExtension.swift in Sources */,
				CE3CD7101F88A5FD00968984 /* Siren.swift in Sources */,
				CE3CD7161F88A69800968984 /* SirenDateExtension.swift in Sources */,
				CE3CD7211F88B9F300968984 /* RequireVersionController.swift in Sources */,
				CE3CD7121F88A62400968984 /* SirenDelegate.swift in Sources */,
				CE3CD6FD1F88A59000968984 /* AppDelegate.swift in Sources */,
				CE3CD7181F88A6C800968984 /* SirenLog.swift in Sources */,
			);
			runOnlyForDeploymentPostprocessing = 0;
		};
/* End PBXSourcesBuildPhase section */

/* Begin PBXVariantGroup section */
		CE3CD7001F88A59000968984 /* Main.storyboard */ = {
			isa = PBXVariantGroup;
			children = (
				CE3CD7011F88A59000968984 /* Base */,
			);
			name = Main.storyboard;
			sourceTree = "<group>";
		};
		CE3CD7051F88A59000968984 /* LaunchScreen.storyboard */ = {
			isa = PBXVariantGroup;
			children = (
				CE3CD7061F88A59000968984 /* Base */,
			);
			name = LaunchScreen.storyboard;
			sourceTree = "<group>";
		};
/* End PBXVariantGroup section */

/* Begin XCBuildConfiguration section */
		CE3CD7091F88A59000968984 /* Debug */ = {
			isa = XCBuildConfiguration;
			buildSettings = {
				ALWAYS_SEARCH_USER_PATHS = NO;
				CLANG_ANALYZER_NONNULL = YES;
				CLANG_ANALYZER_NUMBER_OBJECT_CONVERSION = YES_AGGRESSIVE;
				CLANG_CXX_LANGUAGE_STANDARD = "gnu++0x";
				CLANG_CXX_LIBRARY = "libc++";
				CLANG_ENABLE_MODULES = YES;
				CLANG_ENABLE_OBJC_ARC = YES;
				CLANG_WARN_BOOL_CONVERSION = YES;
				CLANG_WARN_CONSTANT_CONVERSION = YES;
				CLANG_WARN_DIRECT_OBJC_ISA_USAGE = YES_ERROR;
				CLANG_WARN_DOCUMENTATION_COMMENTS = YES;
				CLANG_WARN_EMPTY_BODY = YES;
				CLANG_WARN_ENUM_CONVERSION = YES;
				CLANG_WARN_INFINITE_RECURSION = YES;
				CLANG_WARN_INT_CONVERSION = YES;
				CLANG_WARN_OBJC_ROOT_CLASS = YES_ERROR;
				CLANG_WARN_SUSPICIOUS_MOVE = YES;
				CLANG_WARN_UNREACHABLE_CODE = YES;
				CLANG_WARN__DUPLICATE_METHOD_MATCH = YES;
				"CODE_SIGN_IDENTITY[sdk=iphoneos*]" = "iPhone Developer";
				COPY_PHASE_STRIP = NO;
				DEBUG_INFORMATION_FORMAT = dwarf;
				ENABLE_STRICT_OBJC_MSGSEND = YES;
				ENABLE_TESTABILITY = YES;
				GCC_C_LANGUAGE_STANDARD = gnu99;
				GCC_DYNAMIC_NO_PIC = NO;
				GCC_NO_COMMON_BLOCKS = YES;
				GCC_OPTIMIZATION_LEVEL = 0;
				GCC_PREPROCESSOR_DEFINITIONS = (
					"DEBUG=1",
					"$(inherited)",
				);
				GCC_WARN_64_TO_32_BIT_CONVERSION = YES;
				GCC_WARN_ABOUT_RETURN_TYPE = YES_ERROR;
				GCC_WARN_UNDECLARED_SELECTOR = YES;
				GCC_WARN_UNINITIALIZED_AUTOS = YES_AGGRESSIVE;
				GCC_WARN_UNUSED_FUNCTION = YES;
				GCC_WARN_UNUSED_VARIABLE = YES;
				IPHONEOS_DEPLOYMENT_TARGET = 10.3;
				MTL_ENABLE_DEBUG_INFO = YES;
				ONLY_ACTIVE_ARCH = YES;
				SDKROOT = iphoneos;
				SWIFT_ACTIVE_COMPILATION_CONDITIONS = DEBUG;
				SWIFT_OPTIMIZATION_LEVEL = "-Onone";
			};
			name = Debug;
		};
		CE3CD70A1F88A59000968984 /* Release */ = {
			isa = XCBuildConfiguration;
			buildSettings = {
				ALWAYS_SEARCH_USER_PATHS = NO;
				CLANG_ANALYZER_NONNULL = YES;
				CLANG_ANALYZER_NUMBER_OBJECT_CONVERSION = YES_AGGRESSIVE;
				CLANG_CXX_LANGUAGE_STANDARD = "gnu++0x";
				CLANG_CXX_LIBRARY = "libc++";
				CLANG_ENABLE_MODULES = YES;
				CLANG_ENABLE_OBJC_ARC = YES;
				CLANG_WARN_BOOL_CONVERSION = YES;
				CLANG_WARN_CONSTANT_CONVERSION = YES;
				CLANG_WARN_DIRECT_OBJC_ISA_USAGE = YES_ERROR;
				CLANG_WARN_DOCUMENTATION_COMMENTS = YES;
				CLANG_WARN_EMPTY_BODY = YES;
				CLANG_WARN_ENUM_CONVERSION = YES;
				CLANG_WARN_INFINITE_RECURSION = YES;
				CLANG_WARN_INT_CONVERSION = YES;
				CLANG_WARN_OBJC_ROOT_CLASS = YES_ERROR;
				CLANG_WARN_SUSPICIOUS_MOVE = YES;
				CLANG_WARN_UNREACHABLE_CODE = YES;
				CLANG_WARN__DUPLICATE_METHOD_MATCH = YES;
				"CODE_SIGN_IDENTITY[sdk=iphoneos*]" = "iPhone Developer";
				COPY_PHASE_STRIP = NO;
				DEBUG_INFORMATION_FORMAT = "dwarf-with-dsym";
				ENABLE_NS_ASSERTIONS = NO;
				ENABLE_STRICT_OBJC_MSGSEND = YES;
				GCC_C_LANGUAGE_STANDARD = gnu99;
				GCC_NO_COMMON_BLOCKS = YES;
				GCC_WARN_64_TO_32_BIT_CONVERSION = YES;
				GCC_WARN_ABOUT_RETURN_TYPE = YES_ERROR;
				GCC_WARN_UNDECLARED_SELECTOR = YES;
				GCC_WARN_UNINITIALIZED_AUTOS = YES_AGGRESSIVE;
				GCC_WARN_UNUSED_FUNCTION = YES;
				GCC_WARN_UNUSED_VARIABLE = YES;
				IPHONEOS_DEPLOYMENT_TARGET = 10.3;
				MTL_ENABLE_DEBUG_INFO = NO;
				SDKROOT = iphoneos;
				SWIFT_OPTIMIZATION_LEVEL = "-Owholemodule";
				VALIDATE_PRODUCT = YES;
			};
			name = Release;
		};
		CE3CD70C1F88A59000968984 /* Debug */ = {
			isa = XCBuildConfiguration;
			buildSettings = {
				ASSETCATALOG_COMPILER_APPICON_NAME = AppIcon;
				DEVELOPMENT_TEAM = M8N9858LE8;
				INFOPLIST_FILE = ForceUpdateManual/Info.plist;
				LD_RUNPATH_SEARCH_PATHS = "$(inherited) @executable_path/Frameworks";
				PRODUCT_BUNDLE_IDENTIFIER = "com.nature-cue.aszoo";
				PRODUCT_NAME = "$(TARGET_NAME)";
				SWIFT_VERSION = 3.0;
			};
			name = Debug;
		};
		CE3CD70D1F88A59000968984 /* Release */ = {
			isa = XCBuildConfiguration;
			buildSettings = {
				ASSETCATALOG_COMPILER_APPICON_NAME = AppIcon;
				DEVELOPMENT_TEAM = M8N9858LE8;
				INFOPLIST_FILE = ForceUpdateManual/Info.plist;
				LD_RUNPATH_SEARCH_PATHS = "$(inherited) @executable_path/Frameworks";
				PRODUCT_BUNDLE_IDENTIFIER = "com.nature-cue.aszoo";
				PRODUCT_NAME = "$(TARGET_NAME)";
				SWIFT_VERSION = 3.0;
			};
			name = Release;
		};
/* End XCBuildConfiguration section */

/* Begin XCConfigurationList section */
		CE3CD6F41F88A59000968984 /* Build configuration list for PBXProject "ForceUpdateManual" */ = {
			isa = XCConfigurationList;
			buildConfigurations = (
				CE3CD7091F88A59000968984 /* Debug */,
				CE3CD70A1F88A59000968984 /* Release */,
			);
			defaultConfigurationIsVisible = 0;
			defaultConfigurationName = Release;
		};
		CE3CD70B1F88A59000968984 /* Build configuration list for PBXNativeTarget "ForceUpdateManual" */ = {
			isa = XCConfigurationList;
			buildConfigurations = (
				CE3CD70C1F88A59000968984 /* Debug */,
				CE3CD70D1F88A59000968984 /* Release */,
			);
			defaultConfigurationIsVisible = 0;
		};
/* End XCConfigurationList section */
	};
	rootObject = CE3CD6F11F88A59000968984 /* Project object */;
}
